
Microsoft Visual Studio Solution File, Format Version 12.00
# Visual Studio Version 16
VisualStudioVersion = 16.0.32602.291
MinimumVisualStudioVersion = 10.0.40219.1
Project("{FAE04EC0-301F-11D3-BF4B-00C04F79EFBC}") = "IEXOOPractice", "IEXOOPractice\IEXOOPractice.csproj", "{D557964F-5AB3-4ED9-AE2A-25D0669CA17F}"
EndProject
Global
	GlobalSection(SolutionConfigurationPlatforms) = preSolution
		Debug|Any CPU = Debug|Any CPU
		Release|Any CPU = Release|Any CPU
	EndGlobalSection
	GlobalSection(ProjectConfigurationPlatforms) = postSolution
		{D557964F-5AB3-4ED9-AE2A-25D0669CA17F}.Debug|Any CPU.ActiveCfg = Debug|Any CPU
		{D557964F-5AB3-4ED9-AE2A-25D0669CA17F}.Debug|Any CPU.Build.0 = Debug|Any CPU
		{D557964F-5AB3-4ED9-AE2A-25D0669CA17F}.Release|Any CPU.ActiveCfg = Release|Any CPU
		{D557964F-5AB3-4ED9-AE2A-25D0669CA17F}.Release|Any CPU.Build.0 = Release|Any CPU
	EndGlobalSection
	GlobalSection(SolutionProperties) = preSolution
		HideSolutionNode = FALSE
	EndGlobalSection
	GlobalSection(ExtensibilityGlobals) = postSolution
		SolutionGuid = {E602860D-490D-4D43-8BF4-44F57F80194A}
	EndGlobalSection
EndGlobal
